
Microsoft Visual Studio Solution File, Format Version 12.00
# Visual Studio 15
VisualStudioVersion = 15.0.26124.0
MinimumVisualStudioVersion = 15.0.26124.0
Project("{2150E333-8FDC-42A3-9474-1A3956D46DE8}") = "src", "src", "{B8944931-9177-401F-A84A-DBB246B7FDDB}"
EndProject
Project("{FAE04EC0-301F-11D3-BF4B-00C04F79EFBC}") = "Startup", "src\Startup\Startup.csproj", "{549DBA57-7F4B-4B74-9593-D3231E17EF13}"
EndProject
Project("{FAE04EC0-301F-11D3-BF4B-00C04F79EFBC}") = "Application", "src\Application\Application.csproj", "{7ADFDAD1-5036-4C00-B8D3-A890A9EFEC49}"
EndProject
Project("{2150E333-8FDC-42A3-9474-1A3956D46DE8}") = "Infrastructure", "Infrastructure", "{34DC8E88-1BA3-4C0B-9274-1153EAFF33E6}"
EndProject
Project("{FAE04EC0-301F-11D3-BF4B-00C04F79EFBC}") = "Database", "src\Infrastructure\Database\Database.csproj", "{7A01123D-839B-4E78-8000-5ABD74140EBD}"
EndProject
Project("{FAE04EC0-301F-11D3-BF4B-00C04F79EFBC}") = "Domain", "src\Domain\Domain.csproj", "{440FE812-25F8-4D5B-9133-41C3D79A6BB3}"
EndProject
Project("{FAE04EC0-301F-11D3-BF4B-00C04F79EFBC}") = "Api", "src\Infrastructure\Api\Api.csproj", "{DE28B9BB-B999-4318-B01C-D98EAD19F7E4}"
EndProject
Project("{2150E333-8FDC-42A3-9474-1A3956D46DE8}") = "Tests", "Tests", "{C41B9613-9CE0-4A75-BAA7-81CC6B976220}"
EndProject
Project("{FAE04EC0-301F-11D3-BF4B-00C04F79EFBC}") = "UnitTests", "Tests\UnitTests\UnitTests.csproj", "{2BAA9A61-A1C0-4EE7-8CC8-D1B78F8F7D60}"
EndProject
Project("{FAE04EC0-301F-11D3-BF4B-00C04F79EFBC}") = "IntegrationTests", "Tests\IntegrationTests\IntegrationTests.csproj", "{40629AD5-E7D1-4410-9E54-89D5F5C8552F}"
EndProject
Global
	GlobalSection(SolutionConfigurationPlatforms) = preSolution
		Debug|Any CPU = Debug|Any CPU
		Debug|x64 = Debug|x64
		Debug|x86 = Debug|x86
		Release|Any CPU = Release|Any CPU
		Release|x64 = Release|x64
		Release|x86 = Release|x86
	EndGlobalSection
	GlobalSection(SolutionProperties) = preSolution
		HideSolutionNode = FALSE
	EndGlobalSection
	GlobalSection(ProjectConfigurationPlatforms) = postSolution
		{549DBA57-7F4B-4B74-9593-D3231E17EF13}.Debug|Any CPU.ActiveCfg = Debug|Any CPU
		{549DBA57-7F4B-4B74-9593-D3231E17EF13}.Debug|Any CPU.Build.0 = Debug|Any CPU
		{549DBA57-7F4B-4B74-9593-D3231E17EF13}.Debug|x64.ActiveCfg = Debug|Any CPU
		{549DBA57-7F4B-4B74-9593-D3231E17EF13}.Debug|x64.Build.0 = Debug|Any CPU
		{549DBA57-7F4B-4B74-9593-D3231E17EF13}.Debug|x86.ActiveCfg = Debug|Any CPU
		{549DBA57-7F4B-4B74-9593-D3231E17EF13}.Debug|x86.Build.0 = Debug|Any CPU
		{549DBA57-7F4B-4B74-9593-D3231E17EF13}.Release|Any CPU.ActiveCfg = Release|Any CPU
		{549DBA57-7F4B-4B74-9593-D3231E17EF13}.Release|Any CPU.Build.0 = Release|Any CPU
		{549DBA57-7F4B-4B74-9593-D3231E17EF13}.Release|x64.ActiveCfg = Release|Any CPU
		{549DBA57-7F4B-4B74-9593-D3231E17EF13}.Release|x64.Build.0 = Release|Any CPU
		{549DBA57-7F4B-4B74-9593-D3231E17EF13}.Release|x86.ActiveCfg = Release|Any CPU
		{549DBA57-7F4B-4B74-9593-D3231E17EF13}.Release|x86.Build.0 = Release|Any CPU
		{7ADFDAD1-5036-4C00-B8D3-A890A9EFEC49}.Debug|Any CPU.ActiveCfg = Debug|Any CPU
		{7ADFDAD1-5036-4C00-B8D3-A890A9EFEC49}.Debug|Any CPU.Build.0 = Debug|Any CPU
		{7ADFDAD1-5036-4C00-B8D3-A890A9EFEC49}.Debug|x64.ActiveCfg = Debug|Any CPU
		{7ADFDAD1-5036-4C00-B8D3-A890A9EFEC49}.Debug|x64.Build.0 = Debug|Any CPU
		{7ADFDAD1-5036-4C00-B8D3-A890A9EFEC49}.Debug|x86.ActiveCfg = Debug|Any CPU
		{7ADFDAD1-5036-4C00-B8D3-A890A9EFEC49}.Debug|x86.Build.0 = Debug|Any CPU
		{7ADFDAD1-5036-4C00-B8D3-A890A9EFEC49}.Release|Any CPU.ActiveCfg = Release|Any CPU
		{7ADFDAD1-5036-4C00-B8D3-A890A9EFEC49}.Release|Any CPU.Build.0 = Release|Any CPU
		{7ADFDAD1-5036-4C00-B8D3-A890A9EFEC49}.Release|x64.ActiveCfg = Release|Any CPU
		{7ADFDAD1-5036-4C00-B8D3-A890A9EFEC49}.Release|x64.Build.0 = Release|Any CPU
		{7ADFDAD1-5036-4C00-B8D3-A890A9EFEC49}.Release|x86.ActiveCfg = Release|Any CPU
		{7ADFDAD1-5036-4C00-B8D3-A890A9EFEC49}.Release|x86.Build.0 = Release|Any CPU
		{7A01123D-839B-4E78-8000-5ABD74140EBD}.Debug|Any CPU.ActiveCfg = Debug|Any CPU
		{7A01123D-839B-4E78-8000-5ABD74140EBD}.Debug|Any CPU.Build.0 = Debug|Any CPU
		{7A01123D-839B-4E78-8000-5ABD74140EBD}.Debug|x64.ActiveCfg = Debug|Any CPU
		{7A01123D-839B-4E78-8000-5ABD74140EBD}.Debug|x64.Build.0 = Debug|Any CPU
		{7A01123D-839B-4E78-8000-5ABD74140EBD}.Debug|x86.ActiveCfg = Debug|Any CPU
		{7A01123D-839B-4E78-8000-5ABD74140EBD}.Debug|x86.Build.0 = Debug|Any CPU
		{7A01123D-839B-4E78-8000-5ABD74140EBD}.Release|Any CPU.ActiveCfg = Release|Any CPU
		{7A01123D-839B-4E78-8000-5ABD74140EBD}.Release|Any CPU.Build.0 = Release|Any CPU
		{7A01123D-839B-4E78-8000-5ABD74140EBD}.Release|x64.ActiveCfg = Release|Any CPU
		{7A01123D-839B-4E78-8000-5ABD74140EBD}.Release|x64.Build.0 = Release|Any CPU
		{7A01123D-839B-4E78-8000-5ABD74140EBD}.Release|x86.ActiveCfg = Release|Any CPU
		{7A01123D-839B-4E78-8000-5ABD74140EBD}.Release|x86.Build.0 = Release|Any CPU
		{440FE812-25F8-4D5B-9133-41C3D79A6BB3}.Debug|Any CPU.ActiveCfg = Debug|Any CPU
		{440FE812-25F8-4D5B-9133-41C3D79A6BB3}.Debug|Any CPU.Build.0 = Debug|Any CPU
		{440FE812-25F8-4D5B-9133-41C3D79A6BB3}.Debug|x64.ActiveCfg = Debug|Any CPU
		{440FE812-25F8-4D5B-9133-41C3D79A6BB3}.Debug|x64.Build.0 = Debug|Any CPU
		{440FE812-25F8-4D5B-9133-41C3D79A6BB3}.Debug|x86.ActiveCfg = Debug|Any CPU
		{440FE812-25F8-4D5B-9133-41C3D79A6BB3}.Debug|x86.Build.0 = Debug|Any CPU
		{440FE812-25F8-4D5B-9133-41C3D79A6BB3}.Release|Any CPU.ActiveCfg = Release|Any CPU
		{440FE812-25F8-4D5B-9133-41C3D79A6BB3}.Release|Any CPU.Build.0 = Release|Any CPU
		{440FE812-25F8-4D5B-9133-41C3D79A6BB3}.Release|x64.ActiveCfg = Release|Any CPU
		{440FE812-25F8-4D5B-9133-41C3D79A6BB3}.Release|x64.Build.0 = Release|Any CPU
		{440FE812-25F8-4D5B-9133-41C3D79A6BB3}.Release|x86.ActiveCfg = Release|Any CPU
		{440FE812-25F8-4D5B-9133-41C3D79A6BB3}.Release|x86.Build.0 = Release|Any CPU
		{DE28B9BB-B999-4318-B01C-D98EAD19F7E4}.Debug|Any CPU.ActiveCfg = Debug|Any CPU
		{DE28B9BB-B999-4318-B01C-D98EAD19F7E4}.Debug|Any CPU.Build.0 = Debug|Any CPU
		{DE28B9BB-B999-4318-B01C-D98EAD19F7E4}.Debug|x64.ActiveCfg = Debug|Any CPU
		{DE28B9BB-B999-4318-B01C-D98EAD19F7E4}.Debug|x64.Build.0 = Debug|Any CPU
		{DE28B9BB-B999-4318-B01C-D98EAD19F7E4}.Debug|x86.ActiveCfg = Debug|Any CPU
		{DE28B9BB-B999-4318-B01C-D98EAD19F7E4}.Debug|x86.Build.0 = Debug|Any CPU
		{DE28B9BB-B999-4318-B01C-D98EAD19F7E4}.Release|Any CPU.ActiveCfg = Release|Any CPU
		{DE28B9BB-B999-4318-B01C-D98EAD19F7E4}.Release|Any CPU.Build.0 = Release|Any CPU
		{DE28B9BB-B999-4318-B01C-D98EAD19F7E4}.Release|x64.ActiveCfg = Release|Any CPU
		{DE28B9BB-B999-4318-B01C-D98EAD19F7E4}.Release|x64.Build.0 = Release|Any CPU
		{DE28B9BB-B999-4318-B01C-D98EAD19F7E4}.Release|x86.ActiveCfg = Release|Any CPU
		{DE28B9BB-B999-4318-B01C-D98EAD19F7E4}.Release|x86.Build.0 = Release|Any CPU
		{2BAA9A61-A1C0-4EE7-8CC8-D1B78F8F7D60}.Debug|Any CPU.ActiveCfg = Debug|Any CPU
		{2BAA9A61-A1C0-4EE7-8CC8-D1B78F8F7D60}.Debug|Any CPU.Build.0 = Debug|Any CPU
		{2BAA9A61-A1C0-4EE7-8CC8-D1B78F8F7D60}.Debug|x64.ActiveCfg = Debug|Any CPU
		{2BAA9A61-A1C0-4EE7-8CC8-D1B78F8F7D60}.Debug|x64.Build.0 = Debug|Any CPU
		{2BAA9A61-A1C0-4EE7-8CC8-D1B78F8F7D60}.Debug|x86.ActiveCfg = Debug|Any CPU
		{2BAA9A61-A1C0-4EE7-8CC8-D1B78F8F7D60}.Debug|x86.Build.0 = Debug|Any CPU
		{2BAA9A61-A1C0-4EE7-8CC8-D1B78F8F7D60}.Release|Any CPU.ActiveCfg = Release|Any CPU
		{2BAA9A61-A1C0-4EE7-8CC8-D1B78F8F7D60}.Release|Any CPU.Build.0 = Release|Any CPU
		{2BAA9A61-A1C0-4EE7-8CC8-D1B78F8F7D60}.Release|x64.ActiveCfg = Release|Any CPU
		{2BAA9A61-A1C0-4EE7-8CC8-D1B78F8F7D60}.Release|x64.Build.0 = Release|Any CPU
		{2BAA9A61-A1C0-4EE7-8CC8-D1B78F8F7D60}.Release|x86.ActiveCfg = Release|Any CPU
		{2BAA9A61-A1C0-4EE7-8CC8-D1B78F8F7D60}.Release|x86.Build.0 = Release|Any CPU
		{40629AD5-E7D1-4410-9E54-89D5F5C8552F}.Debug|Any CPU.ActiveCfg = Debug|Any CPU
		{40629AD5-E7D1-4410-9E54-89D5F5C8552F}.Debug|Any CPU.Build.0 = Debug|Any CPU
		{40629AD5-E7D1-4410-9E54-89D5F5C8552F}.Debug|x64.ActiveCfg = Debug|Any CPU
		{40629AD5-E7D1-4410-9E54-89D5F5C8552F}.Debug|x64.Build.0 = Debug|Any CPU
		{40629AD5-E7D1-4410-9E54-89D5F5C8552F}.Debug|x86.ActiveCfg = Debug|Any CPU
		{40629AD5-E7D1-4410-9E54-89D5F5C8552F}.Debug|x86.Build.0 = Debug|Any CPU
		{40629AD5-E7D1-4410-9E54-89D5F5C8552F}.Release|Any CPU.ActiveCfg = Release|Any CPU
		{40629AD5-E7D1-4410-9E54-89D5F5C8552F}.Release|Any CPU.Build.0 = Release|Any CPU
		{40629AD5-E7D1-4410-9E54-89D5F5C8552F}.Release|x64.ActiveCfg = Release|Any CPU
		{40629AD5-E7D1-4410-9E54-89D5F5C8552F}.Release|x64.Build.0 = Release|Any CPU
		{40629AD5-E7D1-4410-9E54-89D5F5C8552F}.Release|x86.ActiveCfg = Release|Any CPU
		{40629AD5-E7D1-4410-9E54-89D5F5C8552F}.Release|x86.Build.0 = Release|Any CPU
	EndGlobalSection
	GlobalSection(NestedProjects) = preSolution
		{549DBA57-7F4B-4B74-9593-D3231E17EF13} = {B8944931-9177-401F-A84A-DBB246B7FDDB}
		{7ADFDAD1-5036-4C00-B8D3-A890A9EFEC49} = {B8944931-9177-401F-A84A-DBB246B7FDDB}
		{34DC8E88-1BA3-4C0B-9274-1153EAFF33E6} = {B8944931-9177-401F-A84A-DBB246B7FDDB}
		{7A01123D-839B-4E78-8000-5ABD74140EBD} = {34DC8E88-1BA3-4C0B-9274-1153EAFF33E6}
		{440FE812-25F8-4D5B-9133-41C3D79A6BB3} = {B8944931-9177-401F-A84A-DBB246B7FDDB}
		{DE28B9BB-B999-4318-B01C-D98EAD19F7E4} = {34DC8E88-1BA3-4C0B-9274-1153EAFF33E6}
		{2BAA9A61-A1C0-4EE7-8CC8-D1B78F8F7D60} = {C41B9613-9CE0-4A75-BAA7-81CC6B976220}
		{40629AD5-E7D1-4410-9E54-89D5F5C8552F} = {C41B9613-9CE0-4A75-BAA7-81CC6B976220}
	EndGlobalSection
EndGlobal
